
Microsoft Visual Studio Solution File, Format Version 12.00
# Visual Studio Version 17
VisualStudioVersion = 17.2.32526.322
MinimumVisualStudioVersion = 10.0.40219.1
Project("{FAE04EC0-301F-11D3-BF4B-00C04F79EFBC}") = "OwnSignDemo", "OwnSignDemo\OwnSignDemo.csproj", "{E4D2FAE8-7BF7-49C9-BE58-8A4EBE90A320}"
EndProject
Global
	GlobalSection(SolutionConfigurationPlatforms) = preSolution
		Debug|Any CPU = Debug|Any CPU
		Release|Any CPU = Release|Any CPU
	EndGlobalSection
	GlobalSection(ProjectConfigurationPlatforms) = postSolution
		{E4D2FAE8-7BF7-49C9-BE58-8A4EBE90A320}.Debug|Any CPU.ActiveCfg = Debug|Any CPU
		{E4D2FAE8-7BF7-49C9-BE58-8A4EBE90A320}.Debug|Any CPU.Build.0 = Debug|Any CPU
		{E4D2FAE8-7BF7-49C9-BE58-8A4EBE90A320}.Release|Any CPU.ActiveCfg = Release|Any CPU
		{E4D2FAE8-7BF7-49C9-BE58-8A4EBE90A320}.Release|Any CPU.Build.0 = Release|Any CPU
	EndGlobalSection
	GlobalSection(SolutionProperties) = preSolution
		HideSolutionNode = FALSE
	EndGlobalSection
	GlobalSection(ExtensibilityGlobals) = postSolution
		SolutionGuid = {DE6C20EF-AA00-4033-8ABC-7181FEB9BE28}
	EndGlobalSection
EndGlobal
